
Microsoft Visual Studio Solution File, Format Version 12.00
# Visual Studio Version 17
VisualStudioVersion = 17.4.33213.308
MinimumVisualStudioVersion = 10.0.40219.1
Project("{9A19103F-16F7-4668-BE54-9A1E7A4F7556}") = "Madieter", "Madieter.csproj", "{C6B09785-F792-4915-8AB1-423A6A0B5BDF}"
EndProject
Project("{9A19103F-16F7-4668-BE54-9A1E7A4F7556}") = "MegaApiClient", "..\MegaApiClient\MegaApiClient\MegaApiClient.csproj", "{67E6F084-1DC0-43BD-8C02-D104D9371791}"
EndProject
Global
	GlobalSection(SolutionConfigurationPlatforms) = preSolution
		Debug|Any CPU = Debug|Any CPU
		Release|Any CPU = Release|Any CPU
	EndGlobalSection
	GlobalSection(ProjectConfigurationPlatforms) = postSolution
		{C6B09785-F792-4915-8AB1-423A6A0B5BDF}.Debug|Any CPU.ActiveCfg = Debug|Any CPU
		{C6B09785-F792-4915-8AB1-423A6A0B5BDF}.Debug|Any CPU.Build.0 = Debug|Any CPU
		{C6B09785-F792-4915-8AB1-423A6A0B5BDF}.Release|Any CPU.ActiveCfg = Release|Any CPU
		{C6B09785-F792-4915-8AB1-423A6A0B5BDF}.Release|Any CPU.Build.0 = Release|Any CPU
		{67E6F084-1DC0-43BD-8C02-D104D9371791}.Debug|Any CPU.ActiveCfg = Debug|Any CPU
		{67E6F084-1DC0-43BD-8C02-D104D9371791}.Debug|Any CPU.Build.0 = Debug|Any CPU
		{67E6F084-1DC0-43BD-8C02-D104D9371791}.Release|Any CPU.ActiveCfg = Release|Any CPU
		{67E6F084-1DC0-43BD-8C02-D104D9371791}.Release|Any CPU.Build.0 = Release|Any CPU
	EndGlobalSection
	GlobalSection(SolutionProperties) = preSolution
		HideSolutionNode = FALSE
	EndGlobalSection
	GlobalSection(ExtensibilityGlobals) = postSolution
		SolutionGuid = {69444415-5EEC-4140-A47F-6C509AE13276}
	EndGlobalSection
EndGlobal
